// !$*UTF8*$!
{
	archiveVersion = 1;
	classes = {
	};
	objectVersion = 56;
	objects = {

/* Begin PBXBuildFile section */
		BCFB0B112916EA1C004D5299 /* AppDelegate.swift in Sources */ = {isa = PBXBuildFile; fileRef = BCFB0B102916EA1C004D5299 /* AppDelegate.swift */; };
		BCFB0B132916EA1C004D5299 /* SceneDelegate.swift in Sources */ = {isa = PBXBuildFile; fileRef = BCFB0B122916EA1C004D5299 /* SceneDelegate.swift */; };
		BCFB0B1A2916EA1E004D5299 /* Assets.xcassets in Resources */ = {isa = PBXBuildFile; fileRef = BCFB0B192916EA1E004D5299 /* Assets.xcassets */; };
		BCFB0B1D2916EA1E004D5299 /* LaunchScreen.storyboard in Resources */ = {isa = PBXBuildFile; fileRef = BCFB0B1B2916EA1E004D5299 /* LaunchScreen.storyboard */; };
		BCFB0B272916EC52004D5299 /* WatchListVC.swift in Sources */ = {isa = PBXBuildFile; fileRef = BCFB0B262916EC52004D5299 /* WatchListVC.swift */; };
		BCFB0B292916EC6C004D5299 /* TopStoriesNewsVC.swift in Sources */ = {isa = PBXBuildFile; fileRef = BCFB0B282916EC6C004D5299 /* TopStoriesNewsVC.swift */; };
		BCFB0B2B2916EC8F004D5299 /* SearchResultsVC.swift in Sources */ = {isa = PBXBuildFile; fileRef = BCFB0B2A2916EC8F004D5299 /* SearchResultsVC.swift */; };
		BCFB0B2D2916ECA5004D5299 /* StockDetailsVC.swift in Sources */ = {isa = PBXBuildFile; fileRef = BCFB0B2C2916ECA5004D5299 /* StockDetailsVC.swift */; };
		BCFB0B2F2916EE30004D5299 /* APICaller.swift in Sources */ = {isa = PBXBuildFile; fileRef = BCFB0B2E2916EE30004D5299 /* APICaller.swift */; };
		BCFB0B322916EE57004D5299 /* HapticsManager.swift in Sources */ = {isa = PBXBuildFile; fileRef = BCFB0B312916EE57004D5299 /* HapticsManager.swift */; };
		BCFB0B342916EEB8004D5299 /* PersistenceManager.swift in Sources */ = {isa = PBXBuildFile; fileRef = BCFB0B332916EEB8004D5299 /* PersistenceManager.swift */; };
		BCFB0B362916F30A004D5299 /* Constants.swift in Sources */ = {isa = PBXBuildFile; fileRef = BCFB0B352916F30A004D5299 /* Constants.swift */; };
		BCFB0B392916F9F4004D5299 /* CustomErrors.swift in Sources */ = {isa = PBXBuildFile; fileRef = BCFB0B382916F9F4004D5299 /* CustomErrors.swift */; };
		BCFB0B3B29182484004D5299 /* UIView+Ext.swift in Sources */ = {isa = PBXBuildFile; fileRef = BCFB0B3A29182484004D5299 /* UIView+Ext.swift */; };
		BCFB0B3E2918492E004D5299 /* SearchResultsCell.swift in Sources */ = {isa = PBXBuildFile; fileRef = BCFB0B3D2918492E004D5299 /* SearchResultsCell.swift */; };
		BCFB0B6129218760004D5299 /* Password.swift in Sources */ = {isa = PBXBuildFile; fileRef = BCFB0B6029218760004D5299 /* Password.swift */; };
/* End PBXBuildFile section */

/* Begin PBXFileReference section */
		BCFB0B0D2916EA1C004D5299 /* Stock.app */ = {isa = PBXFileReference; explicitFileType = wrapper.application; includeInIndex = 0; path = Stock.app; sourceTree = BUILT_PRODUCTS_DIR; };
		BCFB0B102916EA1C004D5299 /* AppDelegate.swift */ = {isa = PBXFileReference; lastKnownFileType = sourcecode.swift; path = AppDelegate.swift; sourceTree = "<group>"; };
		BCFB0B122916EA1C004D5299 /* SceneDelegate.swift */ = {isa = PBXFileReference; lastKnownFileType = sourcecode.swift; path = SceneDelegate.swift; sourceTree = "<group>"; };
		BCFB0B192916EA1E004D5299 /* Assets.xcassets */ = {isa = PBXFileReference; lastKnownFileType = folder.assetcatalog; path = Assets.xcassets; sourceTree = "<group>"; };
		BCFB0B1C2916EA1E004D5299 /* Base */ = {isa = PBXFileReference; lastKnownFileType = file.storyboard; name = Base; path = Base.lproj/LaunchScreen.storyboard; sourceTree = "<group>"; };
		BCFB0B1E2916EA1E004D5299 /* Info.plist */ = {isa = PBXFileReference; lastKnownFileType = text.plist.xml; path = Info.plist; sourceTree = "<group>"; };
		BCFB0B262916EC52004D5299 /* WatchListVC.swift */ = {isa = PBXFileReference; lastKnownFileType = sourcecode.swift; path = WatchListVC.swift; sourceTree = "<group>"; };
		BCFB0B282916EC6C004D5299 /* TopStoriesNewsVC.swift */ = {isa = PBXFileReference; lastKnownFileType = sourcecode.swift; path = TopStoriesNewsVC.swift; sourceTree = "<group>"; };
		BCFB0B2A2916EC8F004D5299 /* SearchResultsVC.swift */ = {isa = PBXFileReference; lastKnownFileType = sourcecode.swift; path = SearchResultsVC.swift; sourceTree = "<group>"; };
		BCFB0B2C2916ECA5004D5299 /* StockDetailsVC.swift */ = {isa = PBXFileReference; lastKnownFileType = sourcecode.swift; path = StockDetailsVC.swift; sourceTree = "<group>"; };
		BCFB0B2E2916EE30004D5299 /* APICaller.swift */ = {isa = PBXFileReference; lastKnownFileType = sourcecode.swift; path = APICaller.swift; sourceTree = "<group>"; };
		BCFB0B312916EE57004D5299 /* HapticsManager.swift */ = {isa = PBXFileReference; lastKnownFileType = sourcecode.swift; path = HapticsManager.swift; sourceTree = "<group>"; };
		BCFB0B332916EEB8004D5299 /* PersistenceManager.swift */ = {isa = PBXFileReference; lastKnownFileType = sourcecode.swift; path = PersistenceManager.swift; sourceTree = "<group>"; };
		BCFB0B352916F30A004D5299 /* Constants.swift */ = {isa = PBXFileReference; lastKnownFileType = sourcecode.swift; path = Constants.swift; sourceTree = "<group>"; };
		BCFB0B382916F9F4004D5299 /* CustomErrors.swift */ = {isa = PBXFileReference; lastKnownFileType = sourcecode.swift; path = CustomErrors.swift; sourceTree = "<group>"; };
		BCFB0B3A29182484004D5299 /* UIView+Ext.swift */ = {isa = PBXFileReference; lastKnownFileType = sourcecode.swift; path = "UIView+Ext.swift"; sourceTree = "<group>"; };
		BCFB0B3D2918492E004D5299 /* SearchResultsCell.swift */ = {isa = PBXFileReference; lastKnownFileType = sourcecode.swift; path = SearchResultsCell.swift; sourceTree = "<group>"; };
		BCFB0B6029218760004D5299 /* Password.swift */ = {isa = PBXFileReference; lastKnownFileType = sourcecode.swift; path = Password.swift; sourceTree = "<group>"; };
/* End PBXFileReference section */

/* Begin PBXFrameworksBuildPhase section */
		BCFB0B0A2916EA1C004D5299 /* Frameworks */ = {
			isa = PBXFrameworksBuildPhase;
			buildActionMask = 2147483647;
			files = (
			);
			runOnlyForDeploymentPostprocessing = 0;
		};
/* End PBXFrameworksBuildPhase section */

/* Begin PBXGroup section */
		BCFB0B042916EA1C004D5299 = {
			isa = PBXGroup;
			children = (
				BCFB0B0F2916EA1C004D5299 /* Stock */,
				BCFB0B0E2916EA1C004D5299 /* Products */,
			);
			sourceTree = "<group>";
		};
		BCFB0B0E2916EA1C004D5299 /* Products */ = {
			isa = PBXGroup;
			children = (
				BCFB0B0D2916EA1C004D5299 /* Stock.app */,
			);
			name = Products;
			sourceTree = "<group>";
		};
		BCFB0B0F2916EA1C004D5299 /* Stock */ = {
			isa = PBXGroup;
			children = (
				BCFB0B302916EE3A004D5299 /* Managers */,
				BCFB0B252916EA8C004D5299 /* Controllers */,
				BCFB0B3F29184943004D5299 /* Views */,
				BCFB0B3C29182488004D5299 /* Extensions */,
				BCFB0B372916F95B004D5299 /* Utilities */,
				BCFB0B242916EA64004D5299 /* Support */,
				BCFB0B1E2916EA1E004D5299 /* Info.plist */,
			);
			path = Stock;
			sourceTree = "<group>";
		};
		BCFB0B242916EA64004D5299 /* Support */ = {
			isa = PBXGroup;
			children = (
				BCFB0B102916EA1C004D5299 /* AppDelegate.swift */,
				BCFB0B122916EA1C004D5299 /* SceneDelegate.swift */,
				BCFB0B192916EA1E004D5299 /* Assets.xcassets */,
				BCFB0B1B2916EA1E004D5299 /* LaunchScreen.storyboard */,
			);
			path = Support;
			sourceTree = "<group>";
		};
		BCFB0B252916EA8C004D5299 /* Controllers */ = {
			isa = PBXGroup;
			children = (
				BCFB0B262916EC52004D5299 /* WatchListVC.swift */,
				BCFB0B282916EC6C004D5299 /* TopStoriesNewsVC.swift */,
				BCFB0B2A2916EC8F004D5299 /* SearchResultsVC.swift */,
				BCFB0B2C2916ECA5004D5299 /* StockDetailsVC.swift */,
			);
			path = Controllers;
			sourceTree = "<group>";
		};
		BCFB0B302916EE3A004D5299 /* Managers */ = {
			isa = PBXGroup;
			children = (
				BCFB0B2E2916EE30004D5299 /* APICaller.swift */,
				BCFB0B312916EE57004D5299 /* HapticsManager.swift */,
				BCFB0B332916EEB8004D5299 /* PersistenceManager.swift */,
			);
			path = Managers;
			sourceTree = "<group>";
		};
		BCFB0B372916F95B004D5299 /* Utilities */ = {
			isa = PBXGroup;
			children = (
				BCFB0B352916F30A004D5299 /* Constants.swift */,
				BCFB0B382916F9F4004D5299 /* CustomErrors.swift */,
				BCFB0B6029218760004D5299 /* Password.swift */,
			);
			path = Utilities;
			sourceTree = "<group>";
		};
		BCFB0B3C29182488004D5299 /* Extensions */ = {
			isa = PBXGroup;
			children = (
				BCFB0B3A29182484004D5299 /* UIView+Ext.swift */,
			);
			path = Extensions;
			sourceTree = "<group>";
		};
		BCFB0B3F29184943004D5299 /* Views */ = {
			isa = PBXGroup;
			children = (
				BCFB0B3D2918492E004D5299 /* SearchResultsCell.swift */,
			);
			path = Views;
			sourceTree = "<group>";
		};
/* End PBXGroup section */

/* Begin PBXNativeTarget section */
		BCFB0B0C2916EA1C004D5299 /* Stock */ = {
			isa = PBXNativeTarget;
			buildConfigurationList = BCFB0B212916EA1E004D5299 /* Build configuration list for PBXNativeTarget "Stock" */;
			buildPhases = (
				BCFB0B092916EA1C004D5299 /* Sources */,
				BCFB0B0A2916EA1C004D5299 /* Frameworks */,
				BCFB0B0B2916EA1C004D5299 /* Resources */,
			);
			buildRules = (
			);
			dependencies = (
			);
			name = Stock;
			productName = Stock;
			productReference = BCFB0B0D2916EA1C004D5299 /* Stock.app */;
			productType = "com.apple.product-type.application";
		};
/* End PBXNativeTarget section */

/* Begin PBXProject section */
		BCFB0B052916EA1C004D5299 /* Project object */ = {
			isa = PBXProject;
			attributes = {
				BuildIndependentTargetsInParallel = 1;
				LastSwiftUpdateCheck = 1400;
				LastUpgradeCheck = 1400;
				TargetAttributes = {
					BCFB0B0C2916EA1C004D5299 = {
						CreatedOnToolsVersion = 14.0.1;
					};
				};
			};
			buildConfigurationList = BCFB0B082916EA1C004D5299 /* Build configuration list for PBXProject "Stock" */;
			compatibilityVersion = "Xcode 14.0";
			developmentRegion = en;
			hasScannedForEncodings = 0;
			knownRegions = (
				en,
				Base,
			);
			mainGroup = BCFB0B042916EA1C004D5299;
			productRefGroup = BCFB0B0E2916EA1C004D5299 /* Products */;
			projectDirPath = "";
			projectRoot = "";
			targets = (
				BCFB0B0C2916EA1C004D5299 /* Stock */,
			);
		};
/* End PBXProject section */

/* Begin PBXResourcesBuildPhase section */
		BCFB0B0B2916EA1C004D5299 /* Resources */ = {
			isa = PBXResourcesBuildPhase;
			buildActionMask = 2147483647;
			files = (
				BCFB0B1D2916EA1E004D5299 /* LaunchScreen.storyboard in Resources */,
				BCFB0B1A2916EA1E004D5299 /* Assets.xcassets in Resources */,
			);
			runOnlyForDeploymentPostprocessing = 0;
		};
/* End PBXResourcesBuildPhase section */

/* Begin PBXSourcesBuildPhase section */
		BCFB0B092916EA1C004D5299 /* Sources */ = {
			isa = PBXSourcesBuildPhase;
			buildActionMask = 2147483647;
			files = (
				BCFB0B2D2916ECA5004D5299 /* StockDetailsVC.swift in Sources */,
				BCFB0B272916EC52004D5299 /* WatchListVC.swift in Sources */,
				BCFB0B112916EA1C004D5299 /* AppDelegate.swift in Sources */,
				BCFB0B2F2916EE30004D5299 /* APICaller.swift in Sources */,
				BCFB0B3E2918492E004D5299 /* SearchResultsCell.swift in Sources */,
				BCFB0B2B2916EC8F004D5299 /* SearchResultsVC.swift in Sources */,
				BCFB0B362916F30A004D5299 /* Constants.swift in Sources */,
				BCFB0B132916EA1C004D5299 /* SceneDelegate.swift in Sources */,
				BCFB0B6129218760004D5299 /* Password.swift in Sources */,
				BCFB0B342916EEB8004D5299 /* PersistenceManager.swift in Sources */,
				BCFB0B3B29182484004D5299 /* UIView+Ext.swift in Sources */,
				BCFB0B322916EE57004D5299 /* HapticsManager.swift in Sources */,
				BCFB0B392916F9F4004D5299 /* CustomErrors.swift in Sources */,
				BCFB0B292916EC6C004D5299 /* TopStoriesNewsVC.swift in Sources */,
			);
			runOnlyForDeploymentPostprocessing = 0;
		};
/* End PBXSourcesBuildPhase section */

/* Begin PBXVariantGroup section */
		BCFB0B1B2916EA1E004D5299 /* LaunchScreen.storyboard */ = {
			isa = PBXVariantGroup;
			children = (
				BCFB0B1C2916EA1E004D5299 /* Base */,
			);
			name = LaunchScreen.storyboard;
			sourceTree = "<group>";
		};
/* End PBXVariantGroup section */

/* Begin XCBuildConfiguration section */
		BCFB0B1F2916EA1E004D5299 /* Debug */ = {
			isa = XCBuildConfiguration;
			buildSettings = {
				ALWAYS_SEARCH_USER_PATHS = NO;
				CLANG_ANALYZER_NONNULL = YES;
				CLANG_ANALYZER_NUMBER_OBJECT_CONVERSION = YES_AGGRESSIVE;
				CLANG_CXX_LANGUAGE_STANDARD = "gnu++20";
				CLANG_ENABLE_MODULES = YES;
				CLANG_ENABLE_OBJC_ARC = YES;
				CLANG_ENABLE_OBJC_WEAK = YES;
				CLANG_WARN_BLOCK_CAPTURE_AUTORELEASING = YES;
				CLANG_WARN_BOOL_CONVERSION = YES;
				CLANG_WARN_COMMA = YES;
				CLANG_WARN_CONSTANT_CONVERSION = YES;
				CLANG_WARN_DEPRECATED_OBJC_IMPLEMENTATIONS = YES;
				CLANG_WARN_DIRECT_OBJC_ISA_USAGE = YES_ERROR;
				CLANG_WARN_DOCUMENTATION_COMMENTS = YES;
				CLANG_WARN_EMPTY_BODY = YES;
				CLANG_WARN_ENUM_CONVERSION = YES;
				CLANG_WARN_INFINITE_RECURSION = YES;
				CLANG_WARN_INT_CONVERSION = YES;
				CLANG_WARN_NON_LITERAL_NULL_CONVERSION = YES;
				CLANG_WARN_OBJC_IMPLICIT_RETAIN_SELF = YES;
				CLANG_WARN_OBJC_LITERAL_CONVERSION = YES;
				CLANG_WARN_OBJC_ROOT_CLASS = YES_ERROR;
				CLANG_WARN_QUOTED_INCLUDE_IN_FRAMEWORK_HEADER = YES;
				CLANG_WARN_RANGE_LOOP_ANALYSIS = YES;
				CLANG_WARN_STRICT_PROTOTYPES = YES;
				CLANG_WARN_SUSPICIOUS_MOVE = YES;
				CLANG_WARN_UNGUARDED_AVAILABILITY = YES_AGGRESSIVE;
				CLANG_WARN_UNREACHABLE_CODE = YES;
				CLANG_WARN__DUPLICATE_METHOD_MATCH = YES;
				COPY_PHASE_STRIP = NO;
				DEBUG_INFORMATION_FORMAT = dwarf;
				ENABLE_STRICT_OBJC_MSGSEND = YES;
				ENABLE_TESTABILITY = YES;
				GCC_C_LANGUAGE_STANDARD = gnu11;
				GCC_DYNAMIC_NO_PIC = NO;
				GCC_NO_COMMON_BLOCKS = YES;
				GCC_OPTIMIZATION_LEVEL = 0;
				GCC_PREPROCESSOR_DEFINITIONS = (
					"DEBUG=1",
					"$(inherited)",
				);
				GCC_WARN_64_TO_32_BIT_CONVERSION = YES;
				GCC_WARN_ABOUT_RETURN_TYPE = YES_ERROR;
				GCC_WARN_UNDECLARED_SELECTOR = YES;
				GCC_WARN_UNINITIALIZED_AUTOS = YES_AGGRESSIVE;
				GCC_WARN_UNUSED_FUNCTION = YES;
				GCC_WARN_UNUSED_VARIABLE = YES;
				IPHONEOS_DEPLOYMENT_TARGET = 16.0;
				MTL_ENABLE_DEBUG_INFO = INCLUDE_SOURCE;
				MTL_FAST_MATH = YES;
				ONLY_ACTIVE_ARCH = YES;
				SDKROOT = iphoneos;
				SWIFT_ACTIVE_COMPILATION_CONDITIONS = DEBUG;
				SWIFT_OPTIMIZATION_LEVEL = "-Onone";
			};
			name = Debug;
		};
		BCFB0B202916EA1E004D5299 /* Release */ = {
			isa = XCBuildConfiguration;
			buildSettings = {
				ALWAYS_SEARCH_USER_PATHS = NO;
				CLANG_ANALYZER_NONNULL = YES;
				CLANG_ANALYZER_NUMBER_OBJECT_CONVERSION = YES_AGGRESSIVE;
				CLANG_CXX_LANGUAGE_STANDARD = "gnu++20";
				CLANG_ENABLE_MODULES = YES;
				CLANG_ENABLE_OBJC_ARC = YES;
				CLANG_ENABLE_OBJC_WEAK = YES;
				CLANG_WARN_BLOCK_CAPTURE_AUTORELEASING = YES;
				CLANG_WARN_BOOL_CONVERSION = YES;
				CLANG_WARN_COMMA = YES;
				CLANG_WARN_CONSTANT_CONVERSION = YES;
				CLANG_WARN_DEPRECATED_OBJC_IMPLEMENTATIONS = YES;
				CLANG_WARN_DIRECT_OBJC_ISA_USAGE = YES_ERROR;
				CLANG_WARN_DOCUMENTATION_COMMENTS = YES;
				CLANG_WARN_EMPTY_BODY = YES;
				CLANG_WARN_ENUM_CONVERSION = YES;
				CLANG_WARN_INFINITE_RECURSION = YES;
				CLANG_WARN_INT_CONVERSION = YES;
				CLANG_WARN_NON_LITERAL_NULL_CONVERSION = YES;
				CLANG_WARN_OBJC_IMPLICIT_RETAIN_SELF = YES;
				CLANG_WARN_OBJC_LITERAL_CONVERSION = YES;
				CLANG_WARN_OBJC_ROOT_CLASS = YES_ERROR;
				CLANG_WARN_QUOTED_INCLUDE_IN_FRAMEWORK_HEADER = YES;
				CLANG_WARN_RANGE_LOOP_ANALYSIS = YES;
				CLANG_WARN_STRICT_PROTOTYPES = YES;
				CLANG_WARN_SUSPICIOUS_MOVE = YES;
				CLANG_WARN_UNGUARDED_AVAILABILITY = YES_AGGRESSIVE;
				CLANG_WARN_UNREACHABLE_CODE = YES;
				CLANG_WARN__DUPLICATE_METHOD_MATCH = YES;
				COPY_PHASE_STRIP = NO;
				DEBUG_INFORMATION_FORMAT = "dwarf-with-dsym";
				ENABLE_NS_ASSERTIONS = NO;
				ENABLE_STRICT_OBJC_MSGSEND = YES;
				GCC_C_LANGUAGE_STANDARD = gnu11;
				GCC_NO_COMMON_BLOCKS = YES;
				GCC_WARN_64_TO_32_BIT_CONVERSION = YES;
				GCC_WARN_ABOUT_RETURN_TYPE = YES_ERROR;
				GCC_WARN_UNDECLARED_SELECTOR = YES;
				GCC_WARN_UNINITIALIZED_AUTOS = YES_AGGRESSIVE;
				GCC_WARN_UNUSED_FUNCTION = YES;
				GCC_WARN_UNUSED_VARIABLE = YES;
				IPHONEOS_DEPLOYMENT_TARGET = 16.0;
				MTL_ENABLE_DEBUG_INFO = NO;
				MTL_FAST_MATH = YES;
				SDKROOT = iphoneos;
				SWIFT_COMPILATION_MODE = wholemodule;
				SWIFT_OPTIMIZATION_LEVEL = "-O";
				VALIDATE_PRODUCT = YES;
			};
			name = Release;
		};
		BCFB0B222916EA1E004D5299 /* Debug */ = {
			isa = XCBuildConfiguration;
			buildSettings = {
				ASSETCATALOG_COMPILER_APPICON_NAME = AppIcon;
				ASSETCATALOG_COMPILER_GLOBAL_ACCENT_COLOR_NAME = AccentColor;
				CODE_SIGN_STYLE = Automatic;
				CURRENT_PROJECT_VERSION = 1;
				DEVELOPMENT_TEAM = K33FXWL25N;
				GENERATE_INFOPLIST_FILE = YES;
				INFOPLIST_FILE = Stock/Info.plist;
				INFOPLIST_KEY_UIApplicationSupportsIndirectInputEvents = YES;
				INFOPLIST_KEY_UILaunchStoryboardName = LaunchScreen;
				INFOPLIST_KEY_UISupportedInterfaceOrientations = UIInterfaceOrientationPortrait;
				INFOPLIST_KEY_UISupportedInterfaceOrientations_iPad = "UIInterfaceOrientationLandscapeLeft UIInterfaceOrientationLandscapeRight UIInterfaceOrientationPortrait UIInterfaceOrientationPortraitUpsideDown";
				LD_RUNPATH_SEARCH_PATHS = (
					"$(inherited)",
					"@executable_path/Frameworks",
				);
				MARKETING_VERSION = 1.0;
				PRODUCT_BUNDLE_IDENTIFIER = com.anatolii.ostapenko.Stock;
				PRODUCT_NAME = "$(TARGET_NAME)";
				SUPPORTED_PLATFORMS = "iphoneos iphonesimulator";
				SUPPORTS_MACCATALYST = NO;
				SUPPORTS_MAC_DESIGNED_FOR_IPHONE_IPAD = NO;
				SWIFT_EMIT_LOC_STRINGS = YES;
				SWIFT_VERSION = 5.0;
				TARGETED_DEVICE_FAMILY = 1;
			};
			name = Debug;
		};
		BCFB0B232916EA1E004D5299 /* Release */ = {
			isa = XCBuildConfiguration;
			buildSettings = {
				ASSETCATALOG_COMPILER_APPICON_NAME = AppIcon;
				ASSETCATALOG_COMPILER_GLOBAL_ACCENT_COLOR_NAME = AccentColor;
				CODE_SIGN_STYLE = Automatic;
				CURRENT_PROJECT_VERSION = 1;
				DEVELOPMENT_TEAM = K33FXWL25N;
				GENERATE_INFOPLIST_FILE = YES;
				INFOPLIST_FILE = Stock/Info.plist;
				INFOPLIST_KEY_UIApplicationSupportsIndirectInputEvents = YES;
				INFOPLIST_KEY_UILaunchStoryboardName = LaunchScreen;
				INFOPLIST_KEY_UISupportedInterfaceOrientations = UIInterfaceOrientationPortrait;
				INFOPLIST_KEY_UISupportedInterfaceOrientations_iPad = "UIInterfaceOrientationLandscapeLeft UIInterfaceOrientationLandscapeRight UIInterfaceOrientationPortrait UIInterfaceOrientationPortraitUpsideDown";
				LD_RUNPATH_SEARCH_PATHS = (
					"$(inherited)",
					"@executable_path/Frameworks",
				);
				MARKETING_VERSION = 1.0;
				PRODUCT_BUNDLE_IDENTIFIER = com.anatolii.ostapenko.Stock;
				PRODUCT_NAME = "$(TARGET_NAME)";
				SUPPORTED_PLATFORMS = "iphoneos iphonesimulator";
				SUPPORTS_MACCATALYST = NO;
				SUPPORTS_MAC_DESIGNED_FOR_IPHONE_IPAD = NO;
				SWIFT_EMIT_LOC_STRINGS = YES;
				SWIFT_VERSION = 5.0;
				TARGETED_DEVICE_FAMILY = 1;
			};
			name = Release;
		};
/* End XCBuildConfiguration section */

/* Begin XCConfigurationList section */
		BCFB0B082916EA1C004D5299 /* Build configuration list for PBXProject "Stock" */ = {
			isa = XCConfigurationList;
			buildConfigurations = (
				BCFB0B1F2916EA1E004D5299 /* Debug */,
				BCFB0B202916EA1E004D5299 /* Release */,
			);
			defaultConfigurationIsVisible = 0;
			defaultConfigurationName = Release;
		};
		BCFB0B212916EA1E004D5299 /* Build configuration list for PBXNativeTarget "Stock" */ = {
			isa = XCConfigurationList;
			buildConfigurations = (
				BCFB0B222916EA1E004D5299 /* Debug */,
				BCFB0B232916EA1E004D5299 /* Release */,
			);
			defaultConfigurationIsVisible = 0;
			defaultConfigurationName = Release;
		};
/* End XCConfigurationList section */
	};
	rootObject = BCFB0B052916EA1C004D5299 /* Project object */;
}
