// !$*UTF8*$!
{
	archiveVersion = 1;
	classes = {
	};
	objectVersion = 55;
	objects = {

/* Begin PBXBuildFile section */
		31F1782D7B2E8B1E41B948AB /* Pods_Stock.framework in Frameworks */ = {isa = PBXBuildFile; fileRef = DD7920927ABE8DF150D4A57B /* Pods_Stock.framework */; };
		BC198A78294255F30089B897 /* StoryImageView.swift in Sources */ = {isa = PBXBuildFile; fileRef = BC198A77294255F30089B897 /* StoryImageView.swift */; };
		BC198A7B29425C710089B897 /* NewsVCPresenter.swift in Sources */ = {isa = PBXBuildFile; fileRef = BC198A7A29425C710089B897 /* NewsVCPresenter.swift */; };
		BCA49A9B2924F83A00FDCF56 /* SearchResponseModel.swift in Sources */ = {isa = PBXBuildFile; fileRef = BCA49A9A2924F83A00FDCF56 /* SearchResponseModel.swift */; };
		BCA49ABE292A6C3E00FDCF56 /* WatchListCoordinator.swift in Sources */ = {isa = PBXBuildFile; fileRef = BCA49ABD292A6C3E00FDCF56 /* WatchListCoordinator.swift */; };
		BCA49AC1292A77FE00FDCF56 /* WatchListPresenter.swift in Sources */ = {isa = PBXBuildFile; fileRef = BCA49AC0292A77FE00FDCF56 /* WatchListPresenter.swift */; };
		BCA49B8E292E64D700FDCF56 /* NewsHeaderView.swift in Sources */ = {isa = PBXBuildFile; fileRef = BCA49B8D292E64D700FDCF56 /* NewsHeaderView.swift */; };
		BCAA3F6F292FD37D00A71522 /* NewsModel.swift in Sources */ = {isa = PBXBuildFile; fileRef = BCAA3F6E292FD37D00A71522 /* NewsModel.swift */; };
		BCAA3F712930B92B00A71522 /* DateFormater+Ext.swift in Sources */ = {isa = PBXBuildFile; fileRef = BCAA3F702930B92B00A71522 /* DateFormater+Ext.swift */; };
		BCAA3F8F29313B5400A71522 /* NewsCell.swift in Sources */ = {isa = PBXBuildFile; fileRef = BCAA3F8E29313B5400A71522 /* NewsCell.swift */; };
		BCAA3F91293141AD00A71522 /* NewsCellLabel.swift in Sources */ = {isa = PBXBuildFile; fileRef = BCAA3F90293141AD00A71522 /* NewsCellLabel.swift */; };
		BCAA3F9429321DCB00A71522 /* NewsHeaderViewModel.swift in Sources */ = {isa = PBXBuildFile; fileRef = BCAA3F9329321DCB00A71522 /* NewsHeaderViewModel.swift */; };
		BCAA3F9629321E8F00A71522 /* NewsCellModel.swift in Sources */ = {isa = PBXBuildFile; fileRef = BCAA3F9529321E8F00A71522 /* NewsCellModel.swift */; };
		BCFB0B112916EA1C004D5299 /* AppDelegate.swift in Sources */ = {isa = PBXBuildFile; fileRef = BCFB0B102916EA1C004D5299 /* AppDelegate.swift */; };
		BCFB0B132916EA1C004D5299 /* SceneDelegate.swift in Sources */ = {isa = PBXBuildFile; fileRef = BCFB0B122916EA1C004D5299 /* SceneDelegate.swift */; };
		BCFB0B1A2916EA1E004D5299 /* Assets.xcassets in Resources */ = {isa = PBXBuildFile; fileRef = BCFB0B192916EA1E004D5299 /* Assets.xcassets */; };
		BCFB0B1D2916EA1E004D5299 /* LaunchScreen.storyboard in Resources */ = {isa = PBXBuildFile; fileRef = BCFB0B1B2916EA1E004D5299 /* LaunchScreen.storyboard */; };
		BCFB0B272916EC52004D5299 /* WatchListVC.swift in Sources */ = {isa = PBXBuildFile; fileRef = BCFB0B262916EC52004D5299 /* WatchListVC.swift */; };
		BCFB0B292916EC6C004D5299 /* NewsVC.swift in Sources */ = {isa = PBXBuildFile; fileRef = BCFB0B282916EC6C004D5299 /* NewsVC.swift */; };
		BCFB0B2B2916EC8F004D5299 /* SearchResultsVC.swift in Sources */ = {isa = PBXBuildFile; fileRef = BCFB0B2A2916EC8F004D5299 /* SearchResultsVC.swift */; };
		BCFB0B2D2916ECA5004D5299 /* StockDetailsVC.swift in Sources */ = {isa = PBXBuildFile; fileRef = BCFB0B2C2916ECA5004D5299 /* StockDetailsVC.swift */; };
		BCFB0B2F2916EE30004D5299 /* APICaller.swift in Sources */ = {isa = PBXBuildFile; fileRef = BCFB0B2E2916EE30004D5299 /* APICaller.swift */; };
		BCFB0B322916EE57004D5299 /* HapticsManager.swift in Sources */ = {isa = PBXBuildFile; fileRef = BCFB0B312916EE57004D5299 /* HapticsManager.swift */; };
		BCFB0B342916EEB8004D5299 /* PersistenceManager.swift in Sources */ = {isa = PBXBuildFile; fileRef = BCFB0B332916EEB8004D5299 /* PersistenceManager.swift */; };
		BCFB0B362916F30A004D5299 /* Constants.swift in Sources */ = {isa = PBXBuildFile; fileRef = BCFB0B352916F30A004D5299 /* Constants.swift */; };
		BCFB0B392916F9F4004D5299 /* CustomErrors.swift in Sources */ = {isa = PBXBuildFile; fileRef = BCFB0B382916F9F4004D5299 /* CustomErrors.swift */; };
		BCFB0B3B29182484004D5299 /* UIView+Ext.swift in Sources */ = {isa = PBXBuildFile; fileRef = BCFB0B3A29182484004D5299 /* UIView+Ext.swift */; };
		BCFB0B3E2918492E004D5299 /* SearchResultsCell.swift in Sources */ = {isa = PBXBuildFile; fileRef = BCFB0B3D2918492E004D5299 /* SearchResultsCell.swift */; };
		BCFB0B6129218760004D5299 /* Password.swift in Sources */ = {isa = PBXBuildFile; fileRef = BCFB0B6029218760004D5299 /* Password.swift */; };
/* End PBXBuildFile section */

/* Begin PBXFileReference section */
		28B4CB1DC977820FF5FE0E0B /* Pods-Stock.release.xcconfig */ = {isa = PBXFileReference; includeInIndex = 1; lastKnownFileType = text.xcconfig; name = "Pods-Stock.release.xcconfig"; path = "Target Support Files/Pods-Stock/Pods-Stock.release.xcconfig"; sourceTree = "<group>"; };
		71044E1E3D8BD0202F008D73 /* Pods-Stock.debug.xcconfig */ = {isa = PBXFileReference; includeInIndex = 1; lastKnownFileType = text.xcconfig; name = "Pods-Stock.debug.xcconfig"; path = "Target Support Files/Pods-Stock/Pods-Stock.debug.xcconfig"; sourceTree = "<group>"; };
		BC198A77294255F30089B897 /* StoryImageView.swift */ = {isa = PBXFileReference; lastKnownFileType = sourcecode.swift; path = StoryImageView.swift; sourceTree = "<group>"; };
		BC198A7A29425C710089B897 /* NewsVCPresenter.swift */ = {isa = PBXFileReference; lastKnownFileType = sourcecode.swift; path = NewsVCPresenter.swift; sourceTree = "<group>"; };
		BCA49A9A2924F83A00FDCF56 /* SearchResponseModel.swift */ = {isa = PBXFileReference; lastKnownFileType = sourcecode.swift; path = SearchResponseModel.swift; sourceTree = "<group>"; };
		BCA49ABD292A6C3E00FDCF56 /* WatchListCoordinator.swift */ = {isa = PBXFileReference; lastKnownFileType = sourcecode.swift; path = WatchListCoordinator.swift; sourceTree = "<group>"; };
		BCA49AC0292A77FE00FDCF56 /* WatchListPresenter.swift */ = {isa = PBXFileReference; lastKnownFileType = sourcecode.swift; path = WatchListPresenter.swift; sourceTree = "<group>"; };
		BCA49B8D292E64D700FDCF56 /* NewsHeaderView.swift */ = {isa = PBXFileReference; lastKnownFileType = sourcecode.swift; path = NewsHeaderView.swift; sourceTree = "<group>"; };
		BCAA3F6E292FD37D00A71522 /* NewsModel.swift */ = {isa = PBXFileReference; lastKnownFileType = sourcecode.swift; path = NewsModel.swift; sourceTree = "<group>"; };
		BCAA3F702930B92B00A71522 /* DateFormater+Ext.swift */ = {isa = PBXFileReference; lastKnownFileType = sourcecode.swift; path = "DateFormater+Ext.swift"; sourceTree = "<group>"; };
		BCAA3F8E29313B5400A71522 /* NewsCell.swift */ = {isa = PBXFileReference; lastKnownFileType = sourcecode.swift; path = NewsCell.swift; sourceTree = "<group>"; };
		BCAA3F90293141AD00A71522 /* NewsCellLabel.swift */ = {isa = PBXFileReference; lastKnownFileType = sourcecode.swift; path = NewsCellLabel.swift; sourceTree = "<group>"; };
		BCAA3F9329321DCB00A71522 /* NewsHeaderViewModel.swift */ = {isa = PBXFileReference; lastKnownFileType = sourcecode.swift; path = NewsHeaderViewModel.swift; sourceTree = "<group>"; };
		BCAA3F9529321E8F00A71522 /* NewsCellModel.swift */ = {isa = PBXFileReference; lastKnownFileType = sourcecode.swift; path = NewsCellModel.swift; sourceTree = "<group>"; };
		BCFB0B0D2916EA1C004D5299 /* Stock.app */ = {isa = PBXFileReference; explicitFileType = wrapper.application; includeInIndex = 0; path = Stock.app; sourceTree = BUILT_PRODUCTS_DIR; };
		BCFB0B102916EA1C004D5299 /* AppDelegate.swift */ = {isa = PBXFileReference; lastKnownFileType = sourcecode.swift; path = AppDelegate.swift; sourceTree = "<group>"; };
		BCFB0B122916EA1C004D5299 /* SceneDelegate.swift */ = {isa = PBXFileReference; lastKnownFileType = sourcecode.swift; path = SceneDelegate.swift; sourceTree = "<group>"; };
		BCFB0B192916EA1E004D5299 /* Assets.xcassets */ = {isa = PBXFileReference; lastKnownFileType = folder.assetcatalog; path = Assets.xcassets; sourceTree = "<group>"; };
		BCFB0B1C2916EA1E004D5299 /* Base */ = {isa = PBXFileReference; lastKnownFileType = file.storyboard; name = Base; path = Base.lproj/LaunchScreen.storyboard; sourceTree = "<group>"; };
		BCFB0B1E2916EA1E004D5299 /* Info.plist */ = {isa = PBXFileReference; lastKnownFileType = text.plist.xml; path = Info.plist; sourceTree = "<group>"; };
		BCFB0B262916EC52004D5299 /* WatchListVC.swift */ = {isa = PBXFileReference; lastKnownFileType = sourcecode.swift; path = WatchListVC.swift; sourceTree = "<group>"; };
		BCFB0B282916EC6C004D5299 /* NewsVC.swift */ = {isa = PBXFileReference; lastKnownFileType = sourcecode.swift; path = NewsVC.swift; sourceTree = "<group>"; };
		BCFB0B2A2916EC8F004D5299 /* SearchResultsVC.swift */ = {isa = PBXFileReference; lastKnownFileType = sourcecode.swift; path = SearchResultsVC.swift; sourceTree = "<group>"; };
		BCFB0B2C2916ECA5004D5299 /* StockDetailsVC.swift */ = {isa = PBXFileReference; lastKnownFileType = sourcecode.swift; path = StockDetailsVC.swift; sourceTree = "<group>"; };
		BCFB0B2E2916EE30004D5299 /* APICaller.swift */ = {isa = PBXFileReference; lastKnownFileType = sourcecode.swift; path = APICaller.swift; sourceTree = "<group>"; };
		BCFB0B312916EE57004D5299 /* HapticsManager.swift */ = {isa = PBXFileReference; lastKnownFileType = sourcecode.swift; path = HapticsManager.swift; sourceTree = "<group>"; };
		BCFB0B332916EEB8004D5299 /* PersistenceManager.swift */ = {isa = PBXFileReference; lastKnownFileType = sourcecode.swift; path = PersistenceManager.swift; sourceTree = "<group>"; };
		BCFB0B352916F30A004D5299 /* Constants.swift */ = {isa = PBXFileReference; lastKnownFileType = sourcecode.swift; path = Constants.swift; sourceTree = "<group>"; };
		BCFB0B382916F9F4004D5299 /* CustomErrors.swift */ = {isa = PBXFileReference; lastKnownFileType = sourcecode.swift; path = CustomErrors.swift; sourceTree = "<group>"; };
		BCFB0B3A29182484004D5299 /* UIView+Ext.swift */ = {isa = PBXFileReference; lastKnownFileType = sourcecode.swift; path = "UIView+Ext.swift"; sourceTree = "<group>"; };
		BCFB0B3D2918492E004D5299 /* SearchResultsCell.swift */ = {isa = PBXFileReference; lastKnownFileType = sourcecode.swift; path = SearchResultsCell.swift; sourceTree = "<group>"; };
		BCFB0B6029218760004D5299 /* Password.swift */ = {isa = PBXFileReference; lastKnownFileType = sourcecode.swift; path = Password.swift; sourceTree = "<group>"; };
		DD7920927ABE8DF150D4A57B /* Pods_Stock.framework */ = {isa = PBXFileReference; explicitFileType = wrapper.framework; includeInIndex = 0; path = Pods_Stock.framework; sourceTree = BUILT_PRODUCTS_DIR; };
/* End PBXFileReference section */

/* Begin PBXFrameworksBuildPhase section */
		BCFB0B0A2916EA1C004D5299 /* Frameworks */ = {
			isa = PBXFrameworksBuildPhase;
			buildActionMask = 2147483647;
			files = (
				31F1782D7B2E8B1E41B948AB /* Pods_Stock.framework in Frameworks */,
			);
			runOnlyForDeploymentPostprocessing = 0;
		};
/* End PBXFrameworksBuildPhase section */

/* Begin PBXGroup section */
		BC198A792942561C0089B897 /* UIImageViews */ = {
			isa = PBXGroup;
			children = (
				BC198A77294255F30089B897 /* StoryImageView.swift */,
			);
			path = UIImageViews;
			sourceTree = "<group>";
		};
		BCA49A9C2924F83E00FDCF56 /* Models */ = {
			isa = PBXGroup;
			children = (
				BCA49A9A2924F83A00FDCF56 /* SearchResponseModel.swift */,
				BCAA3F6E292FD37D00A71522 /* NewsModel.swift */,
				BCAA3F9329321DCB00A71522 /* NewsHeaderViewModel.swift */,
				BCAA3F9529321E8F00A71522 /* NewsCellModel.swift */,
			);
			path = Models;
			sourceTree = "<group>";
		};
		BCA49ABF292A6CC000FDCF56 /* Coordinators */ = {
			isa = PBXGroup;
			children = (
				BCA49ABD292A6C3E00FDCF56 /* WatchListCoordinator.swift */,
			);
			path = Coordinators;
			sourceTree = "<group>";
		};
		BCA49AC2292A780300FDCF56 /* Presenters */ = {
			isa = PBXGroup;
			children = (
				BCA49AC0292A77FE00FDCF56 /* WatchListPresenter.swift */,
				BC198A7A29425C710089B897 /* NewsVCPresenter.swift */,
			);
			path = Presenters;
			sourceTree = "<group>";
		};
		BCA49B8C292E64A000FDCF56 /* Cells */ = {
			isa = PBXGroup;
			children = (
				BCFB0B3D2918492E004D5299 /* SearchResultsCell.swift */,
				BCAA3F8E29313B5400A71522 /* NewsCell.swift */,
			);
			path = Cells;
			sourceTree = "<group>";
		};
		BCA49B8F292E660B00FDCF56 /* Headers */ = {
			isa = PBXGroup;
			children = (
				BCA49B8D292E64D700FDCF56 /* NewsHeaderView.swift */,
			);
			path = Headers;
			sourceTree = "<group>";
		};
		BCAA3F92293141B400A71522 /* Labels */ = {
			isa = PBXGroup;
			children = (
				BCAA3F90293141AD00A71522 /* NewsCellLabel.swift */,
			);
			path = Labels;
			sourceTree = "<group>";
		};
		BCFB0B042916EA1C004D5299 = {
			isa = PBXGroup;
			children = (
				BCFB0B0F2916EA1C004D5299 /* Stock */,
				BCFB0B0E2916EA1C004D5299 /* Products */,
				FFB73EDA5F7915AC55F5FE4A /* Pods */,
				BEC116F307BE0A763906DEE5 /* Frameworks */,
			);
			sourceTree = "<group>";
		};
		BCFB0B0E2916EA1C004D5299 /* Products */ = {
			isa = PBXGroup;
			children = (
				BCFB0B0D2916EA1C004D5299 /* Stock.app */,
			);
			name = Products;
			sourceTree = "<group>";
		};
		BCFB0B0F2916EA1C004D5299 /* Stock */ = {
			isa = PBXGroup;
			children = (
				BCA49ABF292A6CC000FDCF56 /* Coordinators */,
				BCFB0B302916EE3A004D5299 /* Managers */,
				BCA49A9C2924F83E00FDCF56 /* Models */,
				BCFB0B252916EA8C004D5299 /* Controllers */,
				BCFB0B3F29184943004D5299 /* Views */,
				BCA49AC2292A780300FDCF56 /* Presenters */,
				BCFB0B3C29182488004D5299 /* Extensions */,
				BCFB0B372916F95B004D5299 /* Utilities */,
				BCFB0B242916EA64004D5299 /* Support */,
				BCFB0B1E2916EA1E004D5299 /* Info.plist */,
			);
			path = Stock;
			sourceTree = "<group>";
		};
		BCFB0B242916EA64004D5299 /* Support */ = {
			isa = PBXGroup;
			children = (
				BCFB0B102916EA1C004D5299 /* AppDelegate.swift */,
				BCFB0B122916EA1C004D5299 /* SceneDelegate.swift */,
				BCFB0B192916EA1E004D5299 /* Assets.xcassets */,
				BCFB0B1B2916EA1E004D5299 /* LaunchScreen.storyboard */,
			);
			path = Support;
			sourceTree = "<group>";
		};
		BCFB0B252916EA8C004D5299 /* Controllers */ = {
			isa = PBXGroup;
			children = (
				BCFB0B262916EC52004D5299 /* WatchListVC.swift */,
				BCFB0B282916EC6C004D5299 /* NewsVC.swift */,
				BCFB0B2A2916EC8F004D5299 /* SearchResultsVC.swift */,
				BCFB0B2C2916ECA5004D5299 /* StockDetailsVC.swift */,
			);
			path = Controllers;
			sourceTree = "<group>";
		};
		BCFB0B302916EE3A004D5299 /* Managers */ = {
			isa = PBXGroup;
			children = (
				BCFB0B2E2916EE30004D5299 /* APICaller.swift */,
				BCFB0B312916EE57004D5299 /* HapticsManager.swift */,
				BCFB0B332916EEB8004D5299 /* PersistenceManager.swift */,
			);
			path = Managers;
			sourceTree = "<group>";
		};
		BCFB0B372916F95B004D5299 /* Utilities */ = {
			isa = PBXGroup;
			children = (
				BCFB0B352916F30A004D5299 /* Constants.swift */,
				BCFB0B382916F9F4004D5299 /* CustomErrors.swift */,
				BCFB0B6029218760004D5299 /* Password.swift */,
			);
			path = Utilities;
			sourceTree = "<group>";
		};
		BCFB0B3C29182488004D5299 /* Extensions */ = {
			isa = PBXGroup;
			children = (
				BCFB0B3A29182484004D5299 /* UIView+Ext.swift */,
				BCAA3F702930B92B00A71522 /* DateFormater+Ext.swift */,
			);
			path = Extensions;
			sourceTree = "<group>";
		};
		BCFB0B3F29184943004D5299 /* Views */ = {
			isa = PBXGroup;
			children = (
				BC198A792942561C0089B897 /* UIImageViews */,
				BCA49B8C292E64A000FDCF56 /* Cells */,
				BCA49B8F292E660B00FDCF56 /* Headers */,
				BCAA3F92293141B400A71522 /* Labels */,
			);
			path = Views;
			sourceTree = "<group>";
		};
		BEC116F307BE0A763906DEE5 /* Frameworks */ = {
			isa = PBXGroup;
			children = (
				DD7920927ABE8DF150D4A57B /* Pods_Stock.framework */,
			);
			name = Frameworks;
			sourceTree = "<group>";
		};
		FFB73EDA5F7915AC55F5FE4A /* Pods */ = {
			isa = PBXGroup;
			children = (
				71044E1E3D8BD0202F008D73 /* Pods-Stock.debug.xcconfig */,
				28B4CB1DC977820FF5FE0E0B /* Pods-Stock.release.xcconfig */,
			);
			path = Pods;
			sourceTree = "<group>";
		};
/* End PBXGroup section */

/* Begin PBXNativeTarget section */
		BCFB0B0C2916EA1C004D5299 /* Stock */ = {
			isa = PBXNativeTarget;
			buildConfigurationList = BCFB0B212916EA1E004D5299 /* Build configuration list for PBXNativeTarget "Stock" */;
			buildPhases = (
				9BF72175468AF8C44075A0C2 /* [CP] Check Pods Manifest.lock */,
				BCFB0B092916EA1C004D5299 /* Sources */,
				BCFB0B0A2916EA1C004D5299 /* Frameworks */,
				BCFB0B0B2916EA1C004D5299 /* Resources */,
				4C5BD174651D01560BDB6FCB /* [CP] Embed Pods Frameworks */,
			);
			buildRules = (
			);
			dependencies = (
			);
			name = Stock;
			productName = Stock;
			productReference = BCFB0B0D2916EA1C004D5299 /* Stock.app */;
			productType = "com.apple.product-type.application";
		};
/* End PBXNativeTarget section */

/* Begin PBXProject section */
		BCFB0B052916EA1C004D5299 /* Project object */ = {
			isa = PBXProject;
			attributes = {
				BuildIndependentTargetsInParallel = 1;
				LastSwiftUpdateCheck = 1400;
				LastUpgradeCheck = 1400;
				TargetAttributes = {
					BCFB0B0C2916EA1C004D5299 = {
						CreatedOnToolsVersion = 14.0.1;
					};
				};
			};
			buildConfigurationList = BCFB0B082916EA1C004D5299 /* Build configuration list for PBXProject "Stock" */;
			compatibilityVersion = "Xcode 13.0";
			developmentRegion = en;
			hasScannedForEncodings = 0;
			knownRegions = (
				en,
				Base,
			);
			mainGroup = BCFB0B042916EA1C004D5299;
			productRefGroup = BCFB0B0E2916EA1C004D5299 /* Products */;
			projectDirPath = "";
			projectRoot = "";
			targets = (
				BCFB0B0C2916EA1C004D5299 /* Stock */,
			);
		};
/* End PBXProject section */

/* Begin PBXResourcesBuildPhase section */
		BCFB0B0B2916EA1C004D5299 /* Resources */ = {
			isa = PBXResourcesBuildPhase;
			buildActionMask = 2147483647;
			files = (
				BCFB0B1D2916EA1E004D5299 /* LaunchScreen.storyboard in Resources */,
				BCFB0B1A2916EA1E004D5299 /* Assets.xcassets in Resources */,
			);
			runOnlyForDeploymentPostprocessing = 0;
		};
/* End PBXResourcesBuildPhase section */

/* Begin PBXShellScriptBuildPhase section */
		4C5BD174651D01560BDB6FCB /* [CP] Embed Pods Frameworks */ = {
			isa = PBXShellScriptBuildPhase;
			buildActionMask = 2147483647;
			files = (
			);
			inputFileListPaths = (
				"${PODS_ROOT}/Target Support Files/Pods-Stock/Pods-Stock-frameworks-${CONFIGURATION}-input-files.xcfilelist",
			);
			name = "[CP] Embed Pods Frameworks";
			outputFileListPaths = (
				"${PODS_ROOT}/Target Support Files/Pods-Stock/Pods-Stock-frameworks-${CONFIGURATION}-output-files.xcfilelist",
			);
			runOnlyForDeploymentPostprocessing = 0;
			shellPath = /bin/sh;
			shellScript = "\"${PODS_ROOT}/Target Support Files/Pods-Stock/Pods-Stock-frameworks.sh\"\n";
			showEnvVarsInLog = 0;
		};
		9BF72175468AF8C44075A0C2 /* [CP] Check Pods Manifest.lock */ = {
			isa = PBXShellScriptBuildPhase;
			buildActionMask = 2147483647;
			files = (
			);
			inputFileListPaths = (
			);
			inputPaths = (
				"${PODS_PODFILE_DIR_PATH}/Podfile.lock",
				"${PODS_ROOT}/Manifest.lock",
			);
			name = "[CP] Check Pods Manifest.lock";
			outputFileListPaths = (
			);
			outputPaths = (
				"$(DERIVED_FILE_DIR)/Pods-Stock-checkManifestLockResult.txt",
			);
			runOnlyForDeploymentPostprocessing = 0;
			shellPath = /bin/sh;
			shellScript = "diff \"${PODS_PODFILE_DIR_PATH}/Podfile.lock\" \"${PODS_ROOT}/Manifest.lock\" > /dev/null\nif [ $? != 0 ] ; then\n    # print error to STDERR\n    echo \"error: The sandbox is not in sync with the Podfile.lock. Run 'pod install' or update your CocoaPods installation.\" >&2\n    exit 1\nfi\n# This output is used by Xcode 'outputs' to avoid re-running this script phase.\necho \"SUCCESS\" > \"${SCRIPT_OUTPUT_FILE_0}\"\n";
			showEnvVarsInLog = 0;
		};
/* End PBXShellScriptBuildPhase section */

/* Begin PBXSourcesBuildPhase section */
		BCFB0B092916EA1C004D5299 /* Sources */ = {
			isa = PBXSourcesBuildPhase;
			buildActionMask = 2147483647;
			files = (
				BC198A7B29425C710089B897 /* NewsVCPresenter.swift in Sources */,
				BCA49ABE292A6C3E00FDCF56 /* WatchListCoordinator.swift in Sources */,
				BCFB0B2D2916ECA5004D5299 /* StockDetailsVC.swift in Sources */,
				BCFB0B272916EC52004D5299 /* WatchListVC.swift in Sources */,
				BCFB0B112916EA1C004D5299 /* AppDelegate.swift in Sources */,
				BCA49B8E292E64D700FDCF56 /* NewsHeaderView.swift in Sources */,
				BCA49AC1292A77FE00FDCF56 /* WatchListPresenter.swift in Sources */,
				BCA49A9B2924F83A00FDCF56 /* SearchResponseModel.swift in Sources */,
				BCFB0B2F2916EE30004D5299 /* APICaller.swift in Sources */,
				BCAA3F6F292FD37D00A71522 /* NewsModel.swift in Sources */,
				BCAA3F91293141AD00A71522 /* NewsCellLabel.swift in Sources */,
				BCFB0B3E2918492E004D5299 /* SearchResultsCell.swift in Sources */,
				BCAA3F8F29313B5400A71522 /* NewsCell.swift in Sources */,
				BCFB0B2B2916EC8F004D5299 /* SearchResultsVC.swift in Sources */,
				BCAA3F712930B92B00A71522 /* DateFormater+Ext.swift in Sources */,
				BCFB0B362916F30A004D5299 /* Constants.swift in Sources */,
				BCFB0B132916EA1C004D5299 /* SceneDelegate.swift in Sources */,
				BCFB0B6129218760004D5299 /* Password.swift in Sources */,
				BCFB0B342916EEB8004D5299 /* PersistenceManager.swift in Sources */,
				BCAA3F9429321DCB00A71522 /* NewsHeaderViewModel.swift in Sources */,
				BCFB0B3B29182484004D5299 /* UIView+Ext.swift in Sources */,
				BCAA3F9629321E8F00A71522 /* NewsCellModel.swift in Sources */,
				BCFB0B322916EE57004D5299 /* HapticsManager.swift in Sources */,
				BCFB0B392916F9F4004D5299 /* CustomErrors.swift in Sources */,
				BC198A78294255F30089B897 /* StoryImageView.swift in Sources */,
				BCFB0B292916EC6C004D5299 /* NewsVC.swift in Sources */,
			);
			runOnlyForDeploymentPostprocessing = 0;
		};
/* End PBXSourcesBuildPhase section */

/* Begin PBXVariantGroup section */
		BCFB0B1B2916EA1E004D5299 /* LaunchScreen.storyboard */ = {
			isa = PBXVariantGroup;
			children = (
				BCFB0B1C2916EA1E004D5299 /* Base */,
			);
			name = LaunchScreen.storyboard;
			sourceTree = "<group>";
		};
/* End PBXVariantGroup section */

/* Begin XCBuildConfiguration section */
		BCFB0B1F2916EA1E004D5299 /* Debug */ = {
			isa = XCBuildConfiguration;
			buildSettings = {
				ALWAYS_SEARCH_USER_PATHS = NO;
				CLANG_ANALYZER_NONNULL = YES;
				CLANG_ANALYZER_NUMBER_OBJECT_CONVERSION = YES_AGGRESSIVE;
				CLANG_CXX_LANGUAGE_STANDARD = "gnu++20";
				CLANG_ENABLE_MODULES = YES;
				CLANG_ENABLE_OBJC_ARC = YES;
				CLANG_ENABLE_OBJC_WEAK = YES;
				CLANG_WARN_BLOCK_CAPTURE_AUTORELEASING = YES;
				CLANG_WARN_BOOL_CONVERSION = YES;
				CLANG_WARN_COMMA = YES;
				CLANG_WARN_CONSTANT_CONVERSION = YES;
				CLANG_WARN_DEPRECATED_OBJC_IMPLEMENTATIONS = YES;
				CLANG_WARN_DIRECT_OBJC_ISA_USAGE = YES_ERROR;
				CLANG_WARN_DOCUMENTATION_COMMENTS = YES;
				CLANG_WARN_EMPTY_BODY = YES;
				CLANG_WARN_ENUM_CONVERSION = YES;
				CLANG_WARN_INFINITE_RECURSION = YES;
				CLANG_WARN_INT_CONVERSION = YES;
				CLANG_WARN_NON_LITERAL_NULL_CONVERSION = YES;
				CLANG_WARN_OBJC_IMPLICIT_RETAIN_SELF = YES;
				CLANG_WARN_OBJC_LITERAL_CONVERSION = YES;
				CLANG_WARN_OBJC_ROOT_CLASS = YES_ERROR;
				CLANG_WARN_QUOTED_INCLUDE_IN_FRAMEWORK_HEADER = YES;
				CLANG_WARN_RANGE_LOOP_ANALYSIS = YES;
				CLANG_WARN_STRICT_PROTOTYPES = YES;
				CLANG_WARN_SUSPICIOUS_MOVE = YES;
				CLANG_WARN_UNGUARDED_AVAILABILITY = YES_AGGRESSIVE;
				CLANG_WARN_UNREACHABLE_CODE = YES;
				CLANG_WARN__DUPLICATE_METHOD_MATCH = YES;
				COPY_PHASE_STRIP = NO;
				DEBUG_INFORMATION_FORMAT = dwarf;
				ENABLE_STRICT_OBJC_MSGSEND = YES;
				ENABLE_TESTABILITY = YES;
				GCC_C_LANGUAGE_STANDARD = gnu11;
				GCC_DYNAMIC_NO_PIC = NO;
				GCC_NO_COMMON_BLOCKS = YES;
				GCC_OPTIMIZATION_LEVEL = 0;
				GCC_PREPROCESSOR_DEFINITIONS = (
					"DEBUG=1",
					"$(inherited)",
				);
				GCC_WARN_64_TO_32_BIT_CONVERSION = YES;
				GCC_WARN_ABOUT_RETURN_TYPE = YES_ERROR;
				GCC_WARN_UNDECLARED_SELECTOR = YES;
				GCC_WARN_UNINITIALIZED_AUTOS = YES_AGGRESSIVE;
				GCC_WARN_UNUSED_FUNCTION = YES;
				GCC_WARN_UNUSED_VARIABLE = YES;
				IPHONEOS_DEPLOYMENT_TARGET = 16.0;
				MTL_ENABLE_DEBUG_INFO = INCLUDE_SOURCE;
				MTL_FAST_MATH = YES;
				ONLY_ACTIVE_ARCH = YES;
				SDKROOT = iphoneos;
				SWIFT_ACTIVE_COMPILATION_CONDITIONS = DEBUG;
				SWIFT_OPTIMIZATION_LEVEL = "-Onone";
			};
			name = Debug;
		};
		BCFB0B202916EA1E004D5299 /* Release */ = {
			isa = XCBuildConfiguration;
			buildSettings = {
				ALWAYS_SEARCH_USER_PATHS = NO;
				CLANG_ANALYZER_NONNULL = YES;
				CLANG_ANALYZER_NUMBER_OBJECT_CONVERSION = YES_AGGRESSIVE;
				CLANG_CXX_LANGUAGE_STANDARD = "gnu++20";
				CLANG_ENABLE_MODULES = YES;
				CLANG_ENABLE_OBJC_ARC = YES;
				CLANG_ENABLE_OBJC_WEAK = YES;
				CLANG_WARN_BLOCK_CAPTURE_AUTORELEASING = YES;
				CLANG_WARN_BOOL_CONVERSION = YES;
				CLANG_WARN_COMMA = YES;
				CLANG_WARN_CONSTANT_CONVERSION = YES;
				CLANG_WARN_DEPRECATED_OBJC_IMPLEMENTATIONS = YES;
				CLANG_WARN_DIRECT_OBJC_ISA_USAGE = YES_ERROR;
				CLANG_WARN_DOCUMENTATION_COMMENTS = YES;
				CLANG_WARN_EMPTY_BODY = YES;
				CLANG_WARN_ENUM_CONVERSION = YES;
				CLANG_WARN_INFINITE_RECURSION = YES;
				CLANG_WARN_INT_CONVERSION = YES;
				CLANG_WARN_NON_LITERAL_NULL_CONVERSION = YES;
				CLANG_WARN_OBJC_IMPLICIT_RETAIN_SELF = YES;
				CLANG_WARN_OBJC_LITERAL_CONVERSION = YES;
				CLANG_WARN_OBJC_ROOT_CLASS = YES_ERROR;
				CLANG_WARN_QUOTED_INCLUDE_IN_FRAMEWORK_HEADER = YES;
				CLANG_WARN_RANGE_LOOP_ANALYSIS = YES;
				CLANG_WARN_STRICT_PROTOTYPES = YES;
				CLANG_WARN_SUSPICIOUS_MOVE = YES;
				CLANG_WARN_UNGUARDED_AVAILABILITY = YES_AGGRESSIVE;
				CLANG_WARN_UNREACHABLE_CODE = YES;
				CLANG_WARN__DUPLICATE_METHOD_MATCH = YES;
				COPY_PHASE_STRIP = NO;
				DEBUG_INFORMATION_FORMAT = "dwarf-with-dsym";
				ENABLE_NS_ASSERTIONS = NO;
				ENABLE_STRICT_OBJC_MSGSEND = YES;
				GCC_C_LANGUAGE_STANDARD = gnu11;
				GCC_NO_COMMON_BLOCKS = YES;
				GCC_WARN_64_TO_32_BIT_CONVERSION = YES;
				GCC_WARN_ABOUT_RETURN_TYPE = YES_ERROR;
				GCC_WARN_UNDECLARED_SELECTOR = YES;
				GCC_WARN_UNINITIALIZED_AUTOS = YES_AGGRESSIVE;
				GCC_WARN_UNUSED_FUNCTION = YES;
				GCC_WARN_UNUSED_VARIABLE = YES;
				IPHONEOS_DEPLOYMENT_TARGET = 16.0;
				MTL_ENABLE_DEBUG_INFO = NO;
				MTL_FAST_MATH = YES;
				SDKROOT = iphoneos;
				SWIFT_COMPILATION_MODE = wholemodule;
				SWIFT_OPTIMIZATION_LEVEL = "-O";
				VALIDATE_PRODUCT = YES;
			};
			name = Release;
		};
		BCFB0B222916EA1E004D5299 /* Debug */ = {
			isa = XCBuildConfiguration;
			baseConfigurationReference = 71044E1E3D8BD0202F008D73 /* Pods-Stock.debug.xcconfig */;
			buildSettings = {
				ASSETCATALOG_COMPILER_APPICON_NAME = AppIcon;
				ASSETCATALOG_COMPILER_GLOBAL_ACCENT_COLOR_NAME = AccentColor;
				CODE_SIGN_STYLE = Automatic;
				CURRENT_PROJECT_VERSION = 1;
				DEVELOPMENT_TEAM = K33FXWL25N;
				GENERATE_INFOPLIST_FILE = YES;
				INFOPLIST_FILE = Stock/Info.plist;
				INFOPLIST_KEY_UIApplicationSupportsIndirectInputEvents = YES;
				INFOPLIST_KEY_UILaunchStoryboardName = LaunchScreen;
				INFOPLIST_KEY_UISupportedInterfaceOrientations = UIInterfaceOrientationPortrait;
				INFOPLIST_KEY_UISupportedInterfaceOrientations_iPad = "UIInterfaceOrientationLandscapeLeft UIInterfaceOrientationLandscapeRight UIInterfaceOrientationPortrait UIInterfaceOrientationPortraitUpsideDown";
				LD_RUNPATH_SEARCH_PATHS = (
					"$(inherited)",
					"@executable_path/Frameworks",
				);
				MARKETING_VERSION = 1.0;
				PRODUCT_BUNDLE_IDENTIFIER = com.anatolii.ostapenko.Stock;
				PRODUCT_NAME = "$(TARGET_NAME)";
				SUPPORTED_PLATFORMS = "iphoneos iphonesimulator";
				SUPPORTS_MACCATALYST = NO;
				SUPPORTS_MAC_DESIGNED_FOR_IPHONE_IPAD = NO;
				SWIFT_EMIT_LOC_STRINGS = YES;
				SWIFT_VERSION = 5.0;
				TARGETED_DEVICE_FAMILY = 1;
			};
			name = Debug;
		};
		BCFB0B232916EA1E004D5299 /* Release */ = {
			isa = XCBuildConfiguration;
			baseConfigurationReference = 28B4CB1DC977820FF5FE0E0B /* Pods-Stock.release.xcconfig */;
			buildSettings = {
				ASSETCATALOG_COMPILER_APPICON_NAME = AppIcon;
				ASSETCATALOG_COMPILER_GLOBAL_ACCENT_COLOR_NAME = AccentColor;
				CODE_SIGN_STYLE = Automatic;
				CURRENT_PROJECT_VERSION = 1;
				DEVELOPMENT_TEAM = K33FXWL25N;
				GENERATE_INFOPLIST_FILE = YES;
				INFOPLIST_FILE = Stock/Info.plist;
				INFOPLIST_KEY_UIApplicationSupportsIndirectInputEvents = YES;
				INFOPLIST_KEY_UILaunchStoryboardName = LaunchScreen;
				INFOPLIST_KEY_UISupportedInterfaceOrientations = UIInterfaceOrientationPortrait;
				INFOPLIST_KEY_UISupportedInterfaceOrientations_iPad = "UIInterfaceOrientationLandscapeLeft UIInterfaceOrientationLandscapeRight UIInterfaceOrientationPortrait UIInterfaceOrientationPortraitUpsideDown";
				LD_RUNPATH_SEARCH_PATHS = (
					"$(inherited)",
					"@executable_path/Frameworks",
				);
				MARKETING_VERSION = 1.0;
				PRODUCT_BUNDLE_IDENTIFIER = com.anatolii.ostapenko.Stock;
				PRODUCT_NAME = "$(TARGET_NAME)";
				SUPPORTED_PLATFORMS = "iphoneos iphonesimulator";
				SUPPORTS_MACCATALYST = NO;
				SUPPORTS_MAC_DESIGNED_FOR_IPHONE_IPAD = NO;
				SWIFT_EMIT_LOC_STRINGS = YES;
				SWIFT_VERSION = 5.0;
				TARGETED_DEVICE_FAMILY = 1;
			};
			name = Release;
		};
/* End XCBuildConfiguration section */

/* Begin XCConfigurationList section */
		BCFB0B082916EA1C004D5299 /* Build configuration list for PBXProject "Stock" */ = {
			isa = XCConfigurationList;
			buildConfigurations = (
				BCFB0B1F2916EA1E004D5299 /* Debug */,
				BCFB0B202916EA1E004D5299 /* Release */,
			);
			defaultConfigurationIsVisible = 0;
			defaultConfigurationName = Release;
		};
		BCFB0B212916EA1E004D5299 /* Build configuration list for PBXNativeTarget "Stock" */ = {
			isa = XCConfigurationList;
			buildConfigurations = (
				BCFB0B222916EA1E004D5299 /* Debug */,
				BCFB0B232916EA1E004D5299 /* Release */,
			);
			defaultConfigurationIsVisible = 0;
			defaultConfigurationName = Release;
		};
/* End XCConfigurationList section */
	};
	rootObject = BCFB0B052916EA1C004D5299 /* Project object */;
}
